
Microsoft Visual Studio Solution File, Format Version 12.00
# Visual Studio Version 16
VisualStudioVersion = 16.0.31829.152
MinimumVisualStudioVersion = 10.0.40219.1
Project("{2150E333-8FDC-42A3-9474-1A3956D46DE8}") = "Services", "Services", "{45E7C472-8F5C-4D26-AE6F-5F84019269E7}"
EndProject
Project("{2150E333-8FDC-42A3-9474-1A3956D46DE8}") = "Catalog", "Catalog", "{453108F9-A0F2-470D-8551-BC23EC014521}"
EndProject
Project("{9A19103F-16F7-4668-BE54-9A1E7A4F7556}") = "FreeCourse.Services.Catalog", "Services\Catalog\FreeCourse.Services.Catalog\FreeCourse.Services.Catalog.csproj", "{8195881C-D360-4716-8A36-583213410CFA}"
EndProject
Project("{2150E333-8FDC-42A3-9474-1A3956D46DE8}") = "Solution Items", "Solution Items", "{0B15A073-F722-4E29-9D61-964A443D45A6}"
	ProjectSection(SolutionItems) = preProject
		Port.txt = Port.txt
	EndProjectSection
EndProject
Project("{2150E333-8FDC-42A3-9474-1A3956D46DE8}") = "Shared", "Shared", "{B84ED26D-86AB-4A39-BE6C-77E5899BBB86}"
EndProject
Project("{9A19103F-16F7-4668-BE54-9A1E7A4F7556}") = "FreeCourse.Shared", "Shared\FreeCourse.Shared\FreeCourse.Shared.csproj", "{BF711FAB-72F5-4D8B-9585-743D56E56A2F}"
EndProject
Project("{2150E333-8FDC-42A3-9474-1A3956D46DE8}") = "IdentitySerrver", "IdentitySerrver", "{21879DF7-3A6F-473D-A65A-9D652A44BF84}"
EndProject
Project("{9A19103F-16F7-4668-BE54-9A1E7A4F7556}") = "FreeCourse.IdentityServer", "IdentityServer\FreeCourse.IdentityServer\FreeCourse.IdentityServer.csproj", "{3D7234A4-F9EC-4964-93EF-ED8F321A0942}"
EndProject
Project("{2150E333-8FDC-42A3-9474-1A3956D46DE8}") = "PhotoStock", "PhotoStock", "{A766606F-93C8-40C3-A2C8-B96DFB20C702}"
EndProject
Project("{9A19103F-16F7-4668-BE54-9A1E7A4F7556}") = "FreeCourse.Services.PhotoStock", "Services\PhotoStock\FreeCourse.Services.PhotoStock\FreeCourse.Services.PhotoStock.csproj", "{A665EF84-AEAF-494D-9DCD-D7B87C6A3315}"
EndProject
Project("{2150E333-8FDC-42A3-9474-1A3956D46DE8}") = "Basket", "Basket", "{3B83A54A-2F01-4276-9486-EE9C3A191686}"
EndProject
Project("{9A19103F-16F7-4668-BE54-9A1E7A4F7556}") = "FreeCource.Services.Basket", "Services\Basket\FreeCource.Services.Basket\FreeCource.Services.Basket.csproj", "{B60F23CE-FFFB-4BE0-A27A-25EABC4810A8}"
EndProject
Project("{2150E333-8FDC-42A3-9474-1A3956D46DE8}") = "Discount", "Discount", "{914D64F0-98BA-4E3E-82A9-002E369DD9C0}"
EndProject
Project("{9A19103F-16F7-4668-BE54-9A1E7A4F7556}") = "FreeCourse.Services.Discount", "Services\Discount\FreeCourse.Services.Discount\FreeCourse.Services.Discount.csproj", "{16B0994A-A1F7-47C2-8584-0ADD9C8025A8}"
EndProject
Project("{2150E333-8FDC-42A3-9474-1A3956D46DE8}") = "Order", "Order", "{5DF65288-EB32-45CF-9441-9EDB7C42220B}"
EndProject
Project("{9A19103F-16F7-4668-BE54-9A1E7A4F7556}") = "FreeCourse.Services.Order.API", "Services\Order\FreeCourse.Services.Order.API\FreeCourse.Services.Order.API.csproj", "{77AAA9C6-2146-49CD-B76D-F0B55F9136EE}"
EndProject
Project("{9A19103F-16F7-4668-BE54-9A1E7A4F7556}") = "FreeCource.Services.Order.Application", "Services\Order\FreeCource.Services.Order.Application\FreeCource.Services.Order.Application.csproj", "{9DE56319-2895-4DF7-A0CC-C9C70729E839}"
EndProject
Project("{9A19103F-16F7-4668-BE54-9A1E7A4F7556}") = "FreeCourse.Services.Order.Domain", "Services\Order\FreeCourse.Services.Order.Domain\FreeCourse.Services.Order.Domain.csproj", "{D86AC4BB-B882-4C59-8B02-8DC23F3D42A6}"
EndProject
Project("{9A19103F-16F7-4668-BE54-9A1E7A4F7556}") = "FreeCourse.Services.Order.Domain.Core", "Services\Order\FreeCourse.Services.Order.Domain.Core\FreeCourse.Services.Order.Domain.Core.csproj", "{E86E2EAD-9CF2-418A-8772-78C1E46AB40C}"
EndProject
Project("{9A19103F-16F7-4668-BE54-9A1E7A4F7556}") = "FreeCourse.Services.Order.Infrastructure", "Services\Order\FreeCourse.Services.Order.Infrastructure\FreeCourse.Services.Order.Infrastructure.csproj", "{3133B7FB-477A-4B39-A678-C0888F6B8AA1}"
EndProject
Project("{2150E333-8FDC-42A3-9474-1A3956D46DE8}") = "FakePayment", "FakePayment", "{CD0FF419-1321-4C45-8953-2EEA33EBBB39}"
EndProject
Project("{9A19103F-16F7-4668-BE54-9A1E7A4F7556}") = "FreeCourse.Services.FakePayment", "Services\FakePayment\FreeCourse.Services.FakePayment\FreeCourse.Services.FakePayment.csproj", "{4F252C1D-2124-4AC8-9038-674A42F31C5B}"
EndProject
Project("{2150E333-8FDC-42A3-9474-1A3956D46DE8}") = "Gateways", "Gateways", "{1EF3E795-7DA8-4650-87C1-A34B055DF173}"
EndProject
Project("{FAE04EC0-301F-11D3-BF4B-00C04F79EFBC}") = "FreeCourse.Gateway", "Gateways\FreeCourse.Gateway\FreeCourse.Gateway.csproj", "{7968B063-E0C7-4217-87B4-D5866B7C5114}"
EndProject
Global
	GlobalSection(SolutionConfigurationPlatforms) = preSolution
		Debug|Any CPU = Debug|Any CPU
		Release|Any CPU = Release|Any CPU
	EndGlobalSection
	GlobalSection(ProjectConfigurationPlatforms) = postSolution
		{8195881C-D360-4716-8A36-583213410CFA}.Debug|Any CPU.ActiveCfg = Debug|Any CPU
		{8195881C-D360-4716-8A36-583213410CFA}.Debug|Any CPU.Build.0 = Debug|Any CPU
		{8195881C-D360-4716-8A36-583213410CFA}.Release|Any CPU.ActiveCfg = Release|Any CPU
		{8195881C-D360-4716-8A36-583213410CFA}.Release|Any CPU.Build.0 = Release|Any CPU
		{BF711FAB-72F5-4D8B-9585-743D56E56A2F}.Debug|Any CPU.ActiveCfg = Debug|Any CPU
		{BF711FAB-72F5-4D8B-9585-743D56E56A2F}.Debug|Any CPU.Build.0 = Debug|Any CPU
		{BF711FAB-72F5-4D8B-9585-743D56E56A2F}.Release|Any CPU.ActiveCfg = Release|Any CPU
		{BF711FAB-72F5-4D8B-9585-743D56E56A2F}.Release|Any CPU.Build.0 = Release|Any CPU
		{3D7234A4-F9EC-4964-93EF-ED8F321A0942}.Debug|Any CPU.ActiveCfg = Debug|Any CPU
		{3D7234A4-F9EC-4964-93EF-ED8F321A0942}.Debug|Any CPU.Build.0 = Debug|Any CPU
		{3D7234A4-F9EC-4964-93EF-ED8F321A0942}.Release|Any CPU.ActiveCfg = Release|Any CPU
		{3D7234A4-F9EC-4964-93EF-ED8F321A0942}.Release|Any CPU.Build.0 = Release|Any CPU
		{A665EF84-AEAF-494D-9DCD-D7B87C6A3315}.Debug|Any CPU.ActiveCfg = Debug|Any CPU
		{A665EF84-AEAF-494D-9DCD-D7B87C6A3315}.Debug|Any CPU.Build.0 = Debug|Any CPU
		{A665EF84-AEAF-494D-9DCD-D7B87C6A3315}.Release|Any CPU.ActiveCfg = Release|Any CPU
		{A665EF84-AEAF-494D-9DCD-D7B87C6A3315}.Release|Any CPU.Build.0 = Release|Any CPU
		{B60F23CE-FFFB-4BE0-A27A-25EABC4810A8}.Debug|Any CPU.ActiveCfg = Debug|Any CPU
		{B60F23CE-FFFB-4BE0-A27A-25EABC4810A8}.Debug|Any CPU.Build.0 = Debug|Any CPU
		{B60F23CE-FFFB-4BE0-A27A-25EABC4810A8}.Release|Any CPU.ActiveCfg = Release|Any CPU
		{B60F23CE-FFFB-4BE0-A27A-25EABC4810A8}.Release|Any CPU.Build.0 = Release|Any CPU
		{16B0994A-A1F7-47C2-8584-0ADD9C8025A8}.Debug|Any CPU.ActiveCfg = Debug|Any CPU
		{16B0994A-A1F7-47C2-8584-0ADD9C8025A8}.Debug|Any CPU.Build.0 = Debug|Any CPU
		{16B0994A-A1F7-47C2-8584-0ADD9C8025A8}.Release|Any CPU.ActiveCfg = Release|Any CPU
		{16B0994A-A1F7-47C2-8584-0ADD9C8025A8}.Release|Any CPU.Build.0 = Release|Any CPU
		{77AAA9C6-2146-49CD-B76D-F0B55F9136EE}.Debug|Any CPU.ActiveCfg = Debug|Any CPU
		{77AAA9C6-2146-49CD-B76D-F0B55F9136EE}.Debug|Any CPU.Build.0 = Debug|Any CPU
		{77AAA9C6-2146-49CD-B76D-F0B55F9136EE}.Release|Any CPU.ActiveCfg = Release|Any CPU
		{77AAA9C6-2146-49CD-B76D-F0B55F9136EE}.Release|Any CPU.Build.0 = Release|Any CPU
		{9DE56319-2895-4DF7-A0CC-C9C70729E839}.Debug|Any CPU.ActiveCfg = Debug|Any CPU
		{9DE56319-2895-4DF7-A0CC-C9C70729E839}.Debug|Any CPU.Build.0 = Debug|Any CPU
		{9DE56319-2895-4DF7-A0CC-C9C70729E839}.Release|Any CPU.ActiveCfg = Release|Any CPU
		{9DE56319-2895-4DF7-A0CC-C9C70729E839}.Release|Any CPU.Build.0 = Release|Any CPU
		{D86AC4BB-B882-4C59-8B02-8DC23F3D42A6}.Debug|Any CPU.ActiveCfg = Debug|Any CPU
		{D86AC4BB-B882-4C59-8B02-8DC23F3D42A6}.Debug|Any CPU.Build.0 = Debug|Any CPU
		{D86AC4BB-B882-4C59-8B02-8DC23F3D42A6}.Release|Any CPU.ActiveCfg = Release|Any CPU
		{D86AC4BB-B882-4C59-8B02-8DC23F3D42A6}.Release|Any CPU.Build.0 = Release|Any CPU
		{E86E2EAD-9CF2-418A-8772-78C1E46AB40C}.Debug|Any CPU.ActiveCfg = Debug|Any CPU
		{E86E2EAD-9CF2-418A-8772-78C1E46AB40C}.Debug|Any CPU.Build.0 = Debug|Any CPU
		{E86E2EAD-9CF2-418A-8772-78C1E46AB40C}.Release|Any CPU.ActiveCfg = Release|Any CPU
		{E86E2EAD-9CF2-418A-8772-78C1E46AB40C}.Release|Any CPU.Build.0 = Release|Any CPU
		{3133B7FB-477A-4B39-A678-C0888F6B8AA1}.Debug|Any CPU.ActiveCfg = Debug|Any CPU
		{3133B7FB-477A-4B39-A678-C0888F6B8AA1}.Debug|Any CPU.Build.0 = Debug|Any CPU
		{3133B7FB-477A-4B39-A678-C0888F6B8AA1}.Release|Any CPU.ActiveCfg = Release|Any CPU
		{3133B7FB-477A-4B39-A678-C0888F6B8AA1}.Release|Any CPU.Build.0 = Release|Any CPU
		{4F252C1D-2124-4AC8-9038-674A42F31C5B}.Debug|Any CPU.ActiveCfg = Debug|Any CPU
		{4F252C1D-2124-4AC8-9038-674A42F31C5B}.Debug|Any CPU.Build.0 = Debug|Any CPU
		{4F252C1D-2124-4AC8-9038-674A42F31C5B}.Release|Any CPU.ActiveCfg = Release|Any CPU
		{4F252C1D-2124-4AC8-9038-674A42F31C5B}.Release|Any CPU.Build.0 = Release|Any CPU
		{7968B063-E0C7-4217-87B4-D5866B7C5114}.Debug|Any CPU.ActiveCfg = Debug|Any CPU
		{7968B063-E0C7-4217-87B4-D5866B7C5114}.Debug|Any CPU.Build.0 = Debug|Any CPU
		{7968B063-E0C7-4217-87B4-D5866B7C5114}.Release|Any CPU.ActiveCfg = Release|Any CPU
		{7968B063-E0C7-4217-87B4-D5866B7C5114}.Release|Any CPU.Build.0 = Release|Any CPU
	EndGlobalSection
	GlobalSection(SolutionProperties) = preSolution
		HideSolutionNode = FALSE
	EndGlobalSection
	GlobalSection(NestedProjects) = preSolution
		{453108F9-A0F2-470D-8551-BC23EC014521} = {45E7C472-8F5C-4D26-AE6F-5F84019269E7}
		{8195881C-D360-4716-8A36-583213410CFA} = {453108F9-A0F2-470D-8551-BC23EC014521}
		{BF711FAB-72F5-4D8B-9585-743D56E56A2F} = {B84ED26D-86AB-4A39-BE6C-77E5899BBB86}
		{3D7234A4-F9EC-4964-93EF-ED8F321A0942} = {21879DF7-3A6F-473D-A65A-9D652A44BF84}
		{A766606F-93C8-40C3-A2C8-B96DFB20C702} = {45E7C472-8F5C-4D26-AE6F-5F84019269E7}
		{A665EF84-AEAF-494D-9DCD-D7B87C6A3315} = {A766606F-93C8-40C3-A2C8-B96DFB20C702}
		{3B83A54A-2F01-4276-9486-EE9C3A191686} = {45E7C472-8F5C-4D26-AE6F-5F84019269E7}
		{B60F23CE-FFFB-4BE0-A27A-25EABC4810A8} = {3B83A54A-2F01-4276-9486-EE9C3A191686}
		{914D64F0-98BA-4E3E-82A9-002E369DD9C0} = {45E7C472-8F5C-4D26-AE6F-5F84019269E7}
		{16B0994A-A1F7-47C2-8584-0ADD9C8025A8} = {914D64F0-98BA-4E3E-82A9-002E369DD9C0}
		{5DF65288-EB32-45CF-9441-9EDB7C42220B} = {45E7C472-8F5C-4D26-AE6F-5F84019269E7}
		{77AAA9C6-2146-49CD-B76D-F0B55F9136EE} = {5DF65288-EB32-45CF-9441-9EDB7C42220B}
		{9DE56319-2895-4DF7-A0CC-C9C70729E839} = {5DF65288-EB32-45CF-9441-9EDB7C42220B}
		{D86AC4BB-B882-4C59-8B02-8DC23F3D42A6} = {5DF65288-EB32-45CF-9441-9EDB7C42220B}
		{E86E2EAD-9CF2-418A-8772-78C1E46AB40C} = {5DF65288-EB32-45CF-9441-9EDB7C42220B}
		{3133B7FB-477A-4B39-A678-C0888F6B8AA1} = {5DF65288-EB32-45CF-9441-9EDB7C42220B}
		{CD0FF419-1321-4C45-8953-2EEA33EBBB39} = {45E7C472-8F5C-4D26-AE6F-5F84019269E7}
		{4F252C1D-2124-4AC8-9038-674A42F31C5B} = {CD0FF419-1321-4C45-8953-2EEA33EBBB39}
		{7968B063-E0C7-4217-87B4-D5866B7C5114} = {1EF3E795-7DA8-4650-87C1-A34B055DF173}
	EndGlobalSection
	GlobalSection(ExtensibilityGlobals) = postSolution
		SolutionGuid = {F6D00EE1-E149-4A47-A42C-C34111F5A705}
	EndGlobalSection
EndGlobal
